
Microsoft Visual Studio Solution File, Format Version 12.00
# Visual Studio 15
VisualStudioVersion = 15.0.26430.13
MinimumVisualStudioVersion = 10.0.40219.1
Project("{FAE04EC0-301F-11D3-BF4B-00C04F79EFBC}") = "LogoFX.Client.Mvvm.Navigation.Platform.NET45", "LogoFX.Client.Mvvm.Navigation.Platform\net45\LogoFX.Client.Mvvm.Navigation.Platform.NET45.csproj", "{3FC68450-AB10-4991-A539-981D6867EC1D}"
EndProject
Project("{2150E333-8FDC-42A3-9474-1A3956D46DE8}") = "Samples", "Samples", "{58EE9CC0-6205-46BC-83B3-2203730CCBFE}"
EndProject
Project("{FAE04EC0-301F-11D3-BF4B-00C04F79EFBC}") = "LogoFX.Client.Mvvm.Navigation.Samples.Wpf", "LogoFX.Client.Mvvm.Navigation.Samples.Wpf\LogoFX.Client.Mvvm.Navigation.Samples.Wpf.csproj", "{E72307AE-30F2-4903-975D-E8A531D9AB41}"
EndProject
Project("{FAE04EC0-301F-11D3-BF4B-00C04F79EFBC}") = "LogoFX.Client.Mvvm.Navigation.Samples.Uwp", "LogoFX.Client.Mvvm.Navigation.Samples.Uwp\LogoFX.Client.Mvvm.Navigation.Samples.Uwp.csproj", "{85115D8D-B600-4C8A-BAB1-31E7DCCAB5A8}"
EndProject
Project("{9A19103F-16F7-4668-BE54-9A1E7A4F7556}") = "LogoFX.Client.Mvvm.Navigation.NETStandard", "LogoFX.Client.Mvvm.Navigation\netstandard1.3\LogoFX.Client.Mvvm.Navigation.NETStandard.csproj", "{D6A9289E-86E4-4E8A-B03C-609C593F32FD}"
EndProject
Project("{FAE04EC0-301F-11D3-BF4B-00C04F79EFBC}") = "LogoFX.Client.Mvvm.Navigation.NET45", "LogoFX.Client.Mvvm.Navigation\net45\LogoFX.Client.Mvvm.Navigation.NET45.csproj", "{01ACE53A-74DE-4193-8974-BE96ACDA339E}"
EndProject
Project("{9A19103F-16F7-4668-BE54-9A1E7A4F7556}") = "LogoFX.Client.Mvvm.Navigation.Middleware.NETStandard", "LogoFX.Client.Mvvm.Navigation.Middleware\netstandard1.3\LogoFX.Client.Mvvm.Navigation.Middleware.NETStandard.csproj", "{1986E56D-BDE2-4BF1-998F-D2F50B7FCA2F}"
EndProject
Project("{FAE04EC0-301F-11D3-BF4B-00C04F79EFBC}") = "LogoFX.Client.Mvvm.Navigation.Middleware.NET45", "LogoFX.Client.Mvvm.Navigation.Middleware\net45\LogoFX.Client.Mvvm.Navigation.Middleware.NET45.csproj", "{B765B201-527E-4DD2-84BF-B40B6B63D54E}"
EndProject
Project("{FAE04EC0-301F-11D3-BF4B-00C04F79EFBC}") = "LogoFX.Client.Mvvm.Navigation.Modularity.NET45", "LogoFX.Client.Mvvm.Navigation.Modularity\net45\LogoFX.Client.Mvvm.Navigation.Modularity.NET45.csproj", "{6718AF41-38A7-45A1-A772-83B4C5F28BD5}"
EndProject
Project("{9A19103F-16F7-4668-BE54-9A1E7A4F7556}") = "LogoFX.Client.Mvvm.Navigation.Modularity.NETStandard", "LogoFX.Client.Mvvm.Navigation.Modularity\netstandard1.3\LogoFX.Client.Mvvm.Navigation.Modularity.NETStandard.csproj", "{0674CB82-BCAE-435A-AB43-B86F4603E600}"
EndProject
Global
	GlobalSection(SolutionConfigurationPlatforms) = preSolution
		Debug|Any CPU = Debug|Any CPU
		Debug|ARM = Debug|ARM
		Debug|x64 = Debug|x64
		Debug|x86 = Debug|x86
		Release|Any CPU = Release|Any CPU
		Release|ARM = Release|ARM
		Release|x64 = Release|x64
		Release|x86 = Release|x86
	EndGlobalSection
	GlobalSection(ProjectConfigurationPlatforms) = postSolution
		{3FC68450-AB10-4991-A539-981D6867EC1D}.Debug|Any CPU.ActiveCfg = Debug|Any CPU
		{3FC68450-AB10-4991-A539-981D6867EC1D}.Debug|Any CPU.Build.0 = Debug|Any CPU
		{3FC68450-AB10-4991-A539-981D6867EC1D}.Debug|ARM.ActiveCfg = Debug|Any CPU
		{3FC68450-AB10-4991-A539-981D6867EC1D}.Debug|ARM.Build.0 = Debug|Any CPU
		{3FC68450-AB10-4991-A539-981D6867EC1D}.Debug|x64.ActiveCfg = Debug|Any CPU
		{3FC68450-AB10-4991-A539-981D6867EC1D}.Debug|x64.Build.0 = Debug|Any CPU
		{3FC68450-AB10-4991-A539-981D6867EC1D}.Debug|x86.ActiveCfg = Debug|Any CPU
		{3FC68450-AB10-4991-A539-981D6867EC1D}.Debug|x86.Build.0 = Debug|Any CPU
		{3FC68450-AB10-4991-A539-981D6867EC1D}.Release|Any CPU.ActiveCfg = Release|Any CPU
		{3FC68450-AB10-4991-A539-981D6867EC1D}.Release|Any CPU.Build.0 = Release|Any CPU
		{3FC68450-AB10-4991-A539-981D6867EC1D}.Release|ARM.ActiveCfg = Release|Any CPU
		{3FC68450-AB10-4991-A539-981D6867EC1D}.Release|ARM.Build.0 = Release|Any CPU
		{3FC68450-AB10-4991-A539-981D6867EC1D}.Release|x64.ActiveCfg = Release|Any CPU
		{3FC68450-AB10-4991-A539-981D6867EC1D}.Release|x64.Build.0 = Release|Any CPU
		{3FC68450-AB10-4991-A539-981D6867EC1D}.Release|x86.ActiveCfg = Release|Any CPU
		{3FC68450-AB10-4991-A539-981D6867EC1D}.Release|x86.Build.0 = Release|Any CPU
		{E72307AE-30F2-4903-975D-E8A531D9AB41}.Debug|Any CPU.ActiveCfg = Debug|Any CPU
		{E72307AE-30F2-4903-975D-E8A531D9AB41}.Debug|Any CPU.Build.0 = Debug|Any CPU
		{E72307AE-30F2-4903-975D-E8A531D9AB41}.Debug|ARM.ActiveCfg = Debug|Any CPU
		{E72307AE-30F2-4903-975D-E8A531D9AB41}.Debug|ARM.Build.0 = Debug|Any CPU
		{E72307AE-30F2-4903-975D-E8A531D9AB41}.Debug|x64.ActiveCfg = Debug|Any CPU
		{E72307AE-30F2-4903-975D-E8A531D9AB41}.Debug|x64.Build.0 = Debug|Any CPU
		{E72307AE-30F2-4903-975D-E8A531D9AB41}.Debug|x86.ActiveCfg = Debug|Any CPU
		{E72307AE-30F2-4903-975D-E8A531D9AB41}.Debug|x86.Build.0 = Debug|Any CPU
		{E72307AE-30F2-4903-975D-E8A531D9AB41}.Release|Any CPU.ActiveCfg = Release|Any CPU
		{E72307AE-30F2-4903-975D-E8A531D9AB41}.Release|Any CPU.Build.0 = Release|Any CPU
		{E72307AE-30F2-4903-975D-E8A531D9AB41}.Release|ARM.ActiveCfg = Release|Any CPU
		{E72307AE-30F2-4903-975D-E8A531D9AB41}.Release|ARM.Build.0 = Release|Any CPU
		{E72307AE-30F2-4903-975D-E8A531D9AB41}.Release|x64.ActiveCfg = Release|Any CPU
		{E72307AE-30F2-4903-975D-E8A531D9AB41}.Release|x64.Build.0 = Release|Any CPU
		{E72307AE-30F2-4903-975D-E8A531D9AB41}.Release|x86.ActiveCfg = Release|Any CPU
		{E72307AE-30F2-4903-975D-E8A531D9AB41}.Release|x86.Build.0 = Release|Any CPU
		{85115D8D-B600-4C8A-BAB1-31E7DCCAB5A8}.Debug|Any CPU.ActiveCfg = Debug|x86
		{85115D8D-B600-4C8A-BAB1-31E7DCCAB5A8}.Debug|Any CPU.Build.0 = Debug|x86
		{85115D8D-B600-4C8A-BAB1-31E7DCCAB5A8}.Debug|Any CPU.Deploy.0 = Debug|x86
		{85115D8D-B600-4C8A-BAB1-31E7DCCAB5A8}.Debug|ARM.ActiveCfg = Debug|ARM
		{85115D8D-B600-4C8A-BAB1-31E7DCCAB5A8}.Debug|ARM.Build.0 = Debug|ARM
		{85115D8D-B600-4C8A-BAB1-31E7DCCAB5A8}.Debug|ARM.Deploy.0 = Debug|ARM
		{85115D8D-B600-4C8A-BAB1-31E7DCCAB5A8}.Debug|x64.ActiveCfg = Debug|x64
		{85115D8D-B600-4C8A-BAB1-31E7DCCAB5A8}.Debug|x64.Build.0 = Debug|x64
		{85115D8D-B600-4C8A-BAB1-31E7DCCAB5A8}.Debug|x64.Deploy.0 = Debug|x64
		{85115D8D-B600-4C8A-BAB1-31E7DCCAB5A8}.Debug|x86.ActiveCfg = Debug|x86
		{85115D8D-B600-4C8A-BAB1-31E7DCCAB5A8}.Debug|x86.Build.0 = Debug|x86
		{85115D8D-B600-4C8A-BAB1-31E7DCCAB5A8}.Debug|x86.Deploy.0 = Debug|x86
		{85115D8D-B600-4C8A-BAB1-31E7DCCAB5A8}.Release|Any CPU.ActiveCfg = Release|x86
		{85115D8D-B600-4C8A-BAB1-31E7DCCAB5A8}.Release|ARM.ActiveCfg = Release|ARM
		{85115D8D-B600-4C8A-BAB1-31E7DCCAB5A8}.Release|ARM.Build.0 = Release|ARM
		{85115D8D-B600-4C8A-BAB1-31E7DCCAB5A8}.Release|ARM.Deploy.0 = Release|ARM
		{85115D8D-B600-4C8A-BAB1-31E7DCCAB5A8}.Release|x64.ActiveCfg = Release|x64
		{85115D8D-B600-4C8A-BAB1-31E7DCCAB5A8}.Release|x64.Build.0 = Release|x64
		{85115D8D-B600-4C8A-BAB1-31E7DCCAB5A8}.Release|x64.Deploy.0 = Release|x64
		{85115D8D-B600-4C8A-BAB1-31E7DCCAB5A8}.Release|x86.ActiveCfg = Release|x86
		{85115D8D-B600-4C8A-BAB1-31E7DCCAB5A8}.Release|x86.Build.0 = Release|x86
		{85115D8D-B600-4C8A-BAB1-31E7DCCAB5A8}.Release|x86.Deploy.0 = Release|x86
		{D6A9289E-86E4-4E8A-B03C-609C593F32FD}.Debug|Any CPU.ActiveCfg = Debug|Any CPU
		{D6A9289E-86E4-4E8A-B03C-609C593F32FD}.Debug|Any CPU.Build.0 = Debug|Any CPU
		{D6A9289E-86E4-4E8A-B03C-609C593F32FD}.Debug|ARM.ActiveCfg = Debug|Any CPU
		{D6A9289E-86E4-4E8A-B03C-609C593F32FD}.Debug|ARM.Build.0 = Debug|Any CPU
		{D6A9289E-86E4-4E8A-B03C-609C593F32FD}.Debug|x64.ActiveCfg = Debug|Any CPU
		{D6A9289E-86E4-4E8A-B03C-609C593F32FD}.Debug|x64.Build.0 = Debug|Any CPU
		{D6A9289E-86E4-4E8A-B03C-609C593F32FD}.Debug|x86.ActiveCfg = Debug|Any CPU
		{D6A9289E-86E4-4E8A-B03C-609C593F32FD}.Debug|x86.Build.0 = Debug|Any CPU
		{D6A9289E-86E4-4E8A-B03C-609C593F32FD}.Release|Any CPU.ActiveCfg = Release|Any CPU
		{D6A9289E-86E4-4E8A-B03C-609C593F32FD}.Release|Any CPU.Build.0 = Release|Any CPU
		{D6A9289E-86E4-4E8A-B03C-609C593F32FD}.Release|ARM.ActiveCfg = Release|Any CPU
		{D6A9289E-86E4-4E8A-B03C-609C593F32FD}.Release|ARM.Build.0 = Release|Any CPU
		{D6A9289E-86E4-4E8A-B03C-609C593F32FD}.Release|x64.ActiveCfg = Release|Any CPU
		{D6A9289E-86E4-4E8A-B03C-609C593F32FD}.Release|x64.Build.0 = Release|Any CPU
		{D6A9289E-86E4-4E8A-B03C-609C593F32FD}.Release|x86.ActiveCfg = Release|Any CPU
		{D6A9289E-86E4-4E8A-B03C-609C593F32FD}.Release|x86.Build.0 = Release|Any CPU
		{01ACE53A-74DE-4193-8974-BE96ACDA339E}.Debug|Any CPU.ActiveCfg = Debug|Any CPU
		{01ACE53A-74DE-4193-8974-BE96ACDA339E}.Debug|Any CPU.Build.0 = Debug|Any CPU
		{01ACE53A-74DE-4193-8974-BE96ACDA339E}.Debug|ARM.ActiveCfg = Debug|Any CPU
		{01ACE53A-74DE-4193-8974-BE96ACDA339E}.Debug|ARM.Build.0 = Debug|Any CPU
		{01ACE53A-74DE-4193-8974-BE96ACDA339E}.Debug|x64.ActiveCfg = Debug|Any CPU
		{01ACE53A-74DE-4193-8974-BE96ACDA339E}.Debug|x64.Build.0 = Debug|Any CPU
		{01ACE53A-74DE-4193-8974-BE96ACDA339E}.Debug|x86.ActiveCfg = Debug|Any CPU
		{01ACE53A-74DE-4193-8974-BE96ACDA339E}.Debug|x86.Build.0 = Debug|Any CPU
		{01ACE53A-74DE-4193-8974-BE96ACDA339E}.Release|Any CPU.ActiveCfg = Release|Any CPU
		{01ACE53A-74DE-4193-8974-BE96ACDA339E}.Release|Any CPU.Build.0 = Release|Any CPU
		{01ACE53A-74DE-4193-8974-BE96ACDA339E}.Release|ARM.ActiveCfg = Release|Any CPU
		{01ACE53A-74DE-4193-8974-BE96ACDA339E}.Release|ARM.Build.0 = Release|Any CPU
		{01ACE53A-74DE-4193-8974-BE96ACDA339E}.Release|x64.ActiveCfg = Release|Any CPU
		{01ACE53A-74DE-4193-8974-BE96ACDA339E}.Release|x64.Build.0 = Release|Any CPU
		{01ACE53A-74DE-4193-8974-BE96ACDA339E}.Release|x86.ActiveCfg = Release|Any CPU
		{01ACE53A-74DE-4193-8974-BE96ACDA339E}.Release|x86.Build.0 = Release|Any CPU
		{1986E56D-BDE2-4BF1-998F-D2F50B7FCA2F}.Debug|Any CPU.ActiveCfg = Debug|Any CPU
		{1986E56D-BDE2-4BF1-998F-D2F50B7FCA2F}.Debug|Any CPU.Build.0 = Debug|Any CPU
		{1986E56D-BDE2-4BF1-998F-D2F50B7FCA2F}.Debug|ARM.ActiveCfg = Debug|Any CPU
		{1986E56D-BDE2-4BF1-998F-D2F50B7FCA2F}.Debug|ARM.Build.0 = Debug|Any CPU
		{1986E56D-BDE2-4BF1-998F-D2F50B7FCA2F}.Debug|x64.ActiveCfg = Debug|Any CPU
		{1986E56D-BDE2-4BF1-998F-D2F50B7FCA2F}.Debug|x64.Build.0 = Debug|Any CPU
		{1986E56D-BDE2-4BF1-998F-D2F50B7FCA2F}.Debug|x86.ActiveCfg = Debug|Any CPU
		{1986E56D-BDE2-4BF1-998F-D2F50B7FCA2F}.Debug|x86.Build.0 = Debug|Any CPU
		{1986E56D-BDE2-4BF1-998F-D2F50B7FCA2F}.Release|Any CPU.ActiveCfg = Release|Any CPU
		{1986E56D-BDE2-4BF1-998F-D2F50B7FCA2F}.Release|Any CPU.Build.0 = Release|Any CPU
		{1986E56D-BDE2-4BF1-998F-D2F50B7FCA2F}.Release|ARM.ActiveCfg = Release|Any CPU
		{1986E56D-BDE2-4BF1-998F-D2F50B7FCA2F}.Release|ARM.Build.0 = Release|Any CPU
		{1986E56D-BDE2-4BF1-998F-D2F50B7FCA2F}.Release|x64.ActiveCfg = Release|Any CPU
		{1986E56D-BDE2-4BF1-998F-D2F50B7FCA2F}.Release|x64.Build.0 = Release|Any CPU
		{1986E56D-BDE2-4BF1-998F-D2F50B7FCA2F}.Release|x86.ActiveCfg = Release|Any CPU
		{1986E56D-BDE2-4BF1-998F-D2F50B7FCA2F}.Release|x86.Build.0 = Release|Any CPU
		{B765B201-527E-4DD2-84BF-B40B6B63D54E}.Debug|Any CPU.ActiveCfg = Debug|Any CPU
		{B765B201-527E-4DD2-84BF-B40B6B63D54E}.Debug|Any CPU.Build.0 = Debug|Any CPU
		{B765B201-527E-4DD2-84BF-B40B6B63D54E}.Debug|ARM.ActiveCfg = Debug|Any CPU
		{B765B201-527E-4DD2-84BF-B40B6B63D54E}.Debug|ARM.Build.0 = Debug|Any CPU
		{B765B201-527E-4DD2-84BF-B40B6B63D54E}.Debug|x64.ActiveCfg = Debug|Any CPU
		{B765B201-527E-4DD2-84BF-B40B6B63D54E}.Debug|x64.Build.0 = Debug|Any CPU
		{B765B201-527E-4DD2-84BF-B40B6B63D54E}.Debug|x86.ActiveCfg = Debug|Any CPU
		{B765B201-527E-4DD2-84BF-B40B6B63D54E}.Debug|x86.Build.0 = Debug|Any CPU
		{B765B201-527E-4DD2-84BF-B40B6B63D54E}.Release|Any CPU.ActiveCfg = Release|Any CPU
		{B765B201-527E-4DD2-84BF-B40B6B63D54E}.Release|Any CPU.Build.0 = Release|Any CPU
		{B765B201-527E-4DD2-84BF-B40B6B63D54E}.Release|ARM.ActiveCfg = Release|Any CPU
		{B765B201-527E-4DD2-84BF-B40B6B63D54E}.Release|ARM.Build.0 = Release|Any CPU
		{B765B201-527E-4DD2-84BF-B40B6B63D54E}.Release|x64.ActiveCfg = Release|Any CPU
		{B765B201-527E-4DD2-84BF-B40B6B63D54E}.Release|x64.Build.0 = Release|Any CPU
		{B765B201-527E-4DD2-84BF-B40B6B63D54E}.Release|x86.ActiveCfg = Release|Any CPU
		{B765B201-527E-4DD2-84BF-B40B6B63D54E}.Release|x86.Build.0 = Release|Any CPU
		{6718AF41-38A7-45A1-A772-83B4C5F28BD5}.Debug|Any CPU.ActiveCfg = Debug|Any CPU
		{6718AF41-38A7-45A1-A772-83B4C5F28BD5}.Debug|Any CPU.Build.0 = Debug|Any CPU
		{6718AF41-38A7-45A1-A772-83B4C5F28BD5}.Debug|ARM.ActiveCfg = Debug|Any CPU
		{6718AF41-38A7-45A1-A772-83B4C5F28BD5}.Debug|ARM.Build.0 = Debug|Any CPU
		{6718AF41-38A7-45A1-A772-83B4C5F28BD5}.Debug|x64.ActiveCfg = Debug|Any CPU
		{6718AF41-38A7-45A1-A772-83B4C5F28BD5}.Debug|x64.Build.0 = Debug|Any CPU
		{6718AF41-38A7-45A1-A772-83B4C5F28BD5}.Debug|x86.ActiveCfg = Debug|Any CPU
		{6718AF41-38A7-45A1-A772-83B4C5F28BD5}.Debug|x86.Build.0 = Debug|Any CPU
		{6718AF41-38A7-45A1-A772-83B4C5F28BD5}.Release|Any CPU.ActiveCfg = Release|Any CPU
		{6718AF41-38A7-45A1-A772-83B4C5F28BD5}.Release|Any CPU.Build.0 = Release|Any CPU
		{6718AF41-38A7-45A1-A772-83B4C5F28BD5}.Release|ARM.ActiveCfg = Release|Any CPU
		{6718AF41-38A7-45A1-A772-83B4C5F28BD5}.Release|ARM.Build.0 = Release|Any CPU
		{6718AF41-38A7-45A1-A772-83B4C5F28BD5}.Release|x64.ActiveCfg = Release|Any CPU
		{6718AF41-38A7-45A1-A772-83B4C5F28BD5}.Release|x64.Build.0 = Release|Any CPU
		{6718AF41-38A7-45A1-A772-83B4C5F28BD5}.Release|x86.ActiveCfg = Release|Any CPU
		{6718AF41-38A7-45A1-A772-83B4C5F28BD5}.Release|x86.Build.0 = Release|Any CPU
		{0674CB82-BCAE-435A-AB43-B86F4603E600}.Debug|Any CPU.ActiveCfg = Debug|Any CPU
		{0674CB82-BCAE-435A-AB43-B86F4603E600}.Debug|Any CPU.Build.0 = Debug|Any CPU
		{0674CB82-BCAE-435A-AB43-B86F4603E600}.Debug|ARM.ActiveCfg = Debug|Any CPU
		{0674CB82-BCAE-435A-AB43-B86F4603E600}.Debug|ARM.Build.0 = Debug|Any CPU
		{0674CB82-BCAE-435A-AB43-B86F4603E600}.Debug|x64.ActiveCfg = Debug|Any CPU
		{0674CB82-BCAE-435A-AB43-B86F4603E600}.Debug|x64.Build.0 = Debug|Any CPU
		{0674CB82-BCAE-435A-AB43-B86F4603E600}.Debug|x86.ActiveCfg = Debug|Any CPU
		{0674CB82-BCAE-435A-AB43-B86F4603E600}.Debug|x86.Build.0 = Debug|Any CPU
		{0674CB82-BCAE-435A-AB43-B86F4603E600}.Release|Any CPU.ActiveCfg = Release|Any CPU
		{0674CB82-BCAE-435A-AB43-B86F4603E600}.Release|Any CPU.Build.0 = Release|Any CPU
		{0674CB82-BCAE-435A-AB43-B86F4603E600}.Release|ARM.ActiveCfg = Release|Any CPU
		{0674CB82-BCAE-435A-AB43-B86F4603E600}.Release|ARM.Build.0 = Release|Any CPU
		{0674CB82-BCAE-435A-AB43-B86F4603E600}.Release|x64.ActiveCfg = Release|Any CPU
		{0674CB82-BCAE-435A-AB43-B86F4603E600}.Release|x64.Build.0 = Release|Any CPU
		{0674CB82-BCAE-435A-AB43-B86F4603E600}.Release|x86.ActiveCfg = Release|Any CPU
		{0674CB82-BCAE-435A-AB43-B86F4603E600}.Release|x86.Build.0 = Release|Any CPU
	EndGlobalSection
	GlobalSection(SolutionProperties) = preSolution
		HideSolutionNode = FALSE
	EndGlobalSection
	GlobalSection(NestedProjects) = preSolution
		{E72307AE-30F2-4903-975D-E8A531D9AB41} = {58EE9CC0-6205-46BC-83B3-2203730CCBFE}
		{85115D8D-B600-4C8A-BAB1-31E7DCCAB5A8} = {58EE9CC0-6205-46BC-83B3-2203730CCBFE}
	EndGlobalSection
EndGlobal
